
Microsoft Visual Studio Solution File, Format Version 12.00
# Visual Studio Version 16
VisualStudioVersion = 16.0.31515.178
MinimumVisualStudioVersion = 10.0.40219.1
Project("{FAE04EC0-301F-11D3-BF4B-00C04F79EFBC}") = "PDA", "PDA\PDA.csproj", "{29C29D3E-9003-4EE3-949E-74D0BD8FDE9F}"
EndProject
Project("{FAE04EC0-301F-11D3-BF4B-00C04F79EFBC}") = "database", "database\database.csproj", "{2CF28620-3B97-44C0-88C0-1B6E35C10B41}"
EndProject
Global
	GlobalSection(SolutionConfigurationPlatforms) = preSolution
		Debug|Any CPU = Debug|Any CPU
		Release|Any CPU = Release|Any CPU
	EndGlobalSection
	GlobalSection(ProjectConfigurationPlatforms) = postSolution
		{29C29D3E-9003-4EE3-949E-74D0BD8FDE9F}.Debug|Any CPU.ActiveCfg = Debug|Any CPU
		{29C29D3E-9003-4EE3-949E-74D0BD8FDE9F}.Debug|Any CPU.Build.0 = Debug|Any CPU
		{29C29D3E-9003-4EE3-949E-74D0BD8FDE9F}.Release|Any CPU.ActiveCfg = Release|Any CPU
		{29C29D3E-9003-4EE3-949E-74D0BD8FDE9F}.Release|Any CPU.Build.0 = Release|Any CPU
		{2CF28620-3B97-44C0-88C0-1B6E35C10B41}.Debug|Any CPU.ActiveCfg = Debug|Any CPU
		{2CF28620-3B97-44C0-88C0-1B6E35C10B41}.Debug|Any CPU.Build.0 = Debug|Any CPU
		{2CF28620-3B97-44C0-88C0-1B6E35C10B41}.Release|Any CPU.ActiveCfg = Release|Any CPU
		{2CF28620-3B97-44C0-88C0-1B6E35C10B41}.Release|Any CPU.Build.0 = Release|Any CPU
	EndGlobalSection
	GlobalSection(SolutionProperties) = preSolution
		HideSolutionNode = FALSE
	EndGlobalSection
	GlobalSection(ExtensibilityGlobals) = postSolution
		SolutionGuid = {F4FECD01-5C15-4F18-9F91-D719CD0A34EF}
	EndGlobalSection
EndGlobal
